
Microsoft Visual Studio Solution File, Format Version 12.00
# Visual Studio Version 17
VisualStudioVersion = 17.7.34202.233
MinimumVisualStudioVersion = 10.0.40219.1
Project("{FAE04EC0-301F-11D3-BF4B-00C04F79EFBC}") = "Kerekes_Ida_Roberta_Lab2", "Kerekes_Ida_Roberta_Lab2.csproj", "{A5607D0B-F379-47B3-9F7C-D8EA7E9EBF99}"
EndProject
Global
	GlobalSection(SolutionConfigurationPlatforms) = preSolution
		Debug|Any CPU = Debug|Any CPU
		Release|Any CPU = Release|Any CPU
	EndGlobalSection
	GlobalSection(ProjectConfigurationPlatforms) = postSolution
		{A5607D0B-F379-47B3-9F7C-D8EA7E9EBF99}.Debug|Any CPU.ActiveCfg = Debug|Any CPU
		{A5607D0B-F379-47B3-9F7C-D8EA7E9EBF99}.Debug|Any CPU.Build.0 = Debug|Any CPU
		{A5607D0B-F379-47B3-9F7C-D8EA7E9EBF99}.Release|Any CPU.ActiveCfg = Release|Any CPU
		{A5607D0B-F379-47B3-9F7C-D8EA7E9EBF99}.Release|Any CPU.Build.0 = Release|Any CPU
	EndGlobalSection
	GlobalSection(SolutionProperties) = preSolution
		HideSolutionNode = FALSE
	EndGlobalSection
	GlobalSection(ExtensibilityGlobals) = postSolution
		SolutionGuid = {56D01C2F-2494-429E-A449-95A0D3E7D18B}
	EndGlobalSection
EndGlobal
